// !$*UTF8*$!
{
	archiveVersion = 1;
	classes = {
	};
	objectVersion = 46;
	objects = {

/* Begin PBXBuildFile section */
		6CB046541AB1701600D80122 /* main.m in Sources */ = {isa = PBXBuildFile; fileRef = 6CB046531AB1701600D80122 /* main.m */; };
		6CB046571AB1701600D80122 /* AppDelegate.m in Sources */ = {isa = PBXBuildFile; fileRef = 6CB046561AB1701600D80122 /* AppDelegate.m */; };
		6CB0465A1AB1701600D80122 /* ViewController.m in Sources */ = {isa = PBXBuildFile; fileRef = 6CB046591AB1701600D80122 /* ViewController.m */; };
		6CB0465D1AB1701600D80122 /* Main.storyboard in Resources */ = {isa = PBXBuildFile; fileRef = 6CB0465B1AB1701600D80122 /* Main.storyboard */; };
		6CB0465F1AB1701600D80122 /* Images.xcassets in Resources */ = {isa = PBXBuildFile; fileRef = 6CB0465E1AB1701600D80122 /* Images.xcassets */; };
		6CB046621AB1701600D80122 /* LaunchScreen.xib in Resources */ = {isa = PBXBuildFile; fileRef = 6CB046601AB1701600D80122 /* LaunchScreen.xib */; };
		6CB0466E1AB1701700D80122 /* DXConfigurableDatePickerTests.m in Sources */ = {isa = PBXBuildFile; fileRef = 6CB0466D1AB1701700D80122 /* DXConfigurableDatePickerTests.m */; };
/* End PBXBuildFile section */

/* Begin PBXContainerItemProxy section */
		6CB046681AB1701600D80122 /* PBXContainerItemProxy */ = {
			isa = PBXContainerItemProxy;
			containerPortal = 6CB046461AB1701600D80122 /* Project object */;
			proxyType = 1;
			remoteGlobalIDString = 6CB0464D1AB1701600D80122;
			remoteInfo = DXConfigurableDatePicker;
		};
/* End PBXContainerItemProxy section */

/* Begin PBXFileReference section */
		6CB0464E1AB1701600D80122 /* DXConfigurableDatePicker.app */ = {isa = PBXFileReference; explicitFileType = wrapper.application; includeInIndex = 0; path = DXConfigurableDatePicker.app; sourceTree = BUILT_PRODUCTS_DIR; };
		6CB046521AB1701600D80122 /* Info.plist */ = {isa = PBXFileReference; lastKnownFileType = text.plist.xml; path = Info.plist; sourceTree = "<group>"; };
		6CB046531AB1701600D80122 /* main.m */ = {isa = PBXFileReference; lastKnownFileType = sourcecode.c.objc; path = main.m; sourceTree = "<group>"; };
		6CB046551AB1701600D80122 /* AppDelegate.h */ = {isa = PBXFileReference; lastKnownFileType = sourcecode.c.h; path = AppDelegate.h; sourceTree = "<group>"; };
		6CB046561AB1701600D80122 /* AppDelegate.m */ = {isa = PBXFileReference; lastKnownFileType = sourcecode.c.objc; path = AppDelegate.m; sourceTree = "<group>"; };
		6CB046581AB1701600D80122 /* ViewController.h */ = {isa = PBXFileReference; lastKnownFileType = sourcecode.c.h; path = ViewController.h; sourceTree = "<group>"; };
		6CB046591AB1701600D80122 /* ViewController.m */ = {isa = PBXFileReference; lastKnownFileType = sourcecode.c.objc; path = ViewController.m; sourceTree = "<group>"; };
		6CB0465C1AB1701600D80122 /* Base */ = {isa = PBXFileReference; lastKnownFileType = file.storyboard; name = Base; path = Base.lproj/Main.storyboard; sourceTree = "<group>"; };
		6CB0465E1AB1701600D80122 /* Images.xcassets */ = {isa = PBXFileReference; lastKnownFileType = folder.assetcatalog; path = Images.xcassets; sourceTree = "<group>"; };
		6CB046611AB1701600D80122 /* Base */ = {isa = PBXFileReference; lastKnownFileType = file.xib; name = Base; path = Base.lproj/LaunchScreen.xib; sourceTree = "<group>"; };
		6CB046671AB1701600D80122 /* DXConfigurableDatePickerTests.xctest */ = {isa = PBXFileReference; explicitFileType = wrapper.cfbundle; includeInIndex = 0; path = DXConfigurableDatePickerTests.xctest; sourceTree = BUILT_PRODUCTS_DIR; };
		6CB0466C1AB1701700D80122 /* Info.plist */ = {isa = PBXFileReference; lastKnownFileType = text.plist.xml; path = Info.plist; sourceTree = "<group>"; };
		6CB0466D1AB1701700D80122 /* DXConfigurableDatePickerTests.m */ = {isa = PBXFileReference; lastKnownFileType = sourcecode.c.objc; path = DXConfigurableDatePickerTests.m; sourceTree = "<group>"; };
/* End PBXFileReference section */

/* Begin PBXFrameworksBuildPhase section */
		6CB0464B1AB1701600D80122 /* Frameworks */ = {
			isa = PBXFrameworksBuildPhase;
			buildActionMask = 2147483647;
			files = (
			);
			runOnlyForDeploymentPostprocessing = 0;
		};
		6CB046641AB1701600D80122 /* Frameworks */ = {
			isa = PBXFrameworksBuildPhase;
			buildActionMask = 2147483647;
			files = (
			);
			runOnlyForDeploymentPostprocessing = 0;
		};
/* End PBXFrameworksBuildPhase section */

/* Begin PBXGroup section */
		6CB046451AB1701600D80122 = {
			isa = PBXGroup;
			children = (
				6CB046501AB1701600D80122 /* DXConfigurableDatePicker */,
				6CB0466A1AB1701600D80122 /* DXConfigurableDatePickerTests */,
				6CB0464F1AB1701600D80122 /* Products */,
			);
			sourceTree = "<group>";
		};
		6CB0464F1AB1701600D80122 /* Products */ = {
			isa = PBXGroup;
			children = (
				6CB0464E1AB1701600D80122 /* DXConfigurableDatePicker.app */,
				6CB046671AB1701600D80122 /* DXConfigurableDatePickerTests.xctest */,
			);
			name = Products;
			sourceTree = "<group>";
		};
		6CB046501AB1701600D80122 /* DXConfigurableDatePicker */ = {
			isa = PBXGroup;
			children = (
				6CB046551AB1701600D80122 /* AppDelegate.h */,
				6CB046561AB1701600D80122 /* AppDelegate.m */,
				6CB046581AB1701600D80122 /* ViewController.h */,
				6CB046591AB1701600D80122 /* ViewController.m */,
				6CB0465B1AB1701600D80122 /* Main.storyboard */,
				6CB0465E1AB1701600D80122 /* Images.xcassets */,
				6CB046601AB1701600D80122 /* LaunchScreen.xib */,
				6CB046511AB1701600D80122 /* Supporting Files */,
			);
			path = DXConfigurableDatePicker;
			sourceTree = "<group>";
		};
		6CB046511AB1701600D80122 /* Supporting Files */ = {
			isa = PBXGroup;
			children = (
				6CB046521AB1701600D80122 /* Info.plist */,
				6CB046531AB1701600D80122 /* main.m */,
			);
			name = "Supporting Files";
			sourceTree = "<group>";
		};
		6CB0466A1AB1701600D80122 /* DXConfigurableDatePickerTests */ = {
			isa = PBXGroup;
			children = (
				6CB0466D1AB1701700D80122 /* DXConfigurableDatePickerTests.m */,
				6CB0466B1AB1701700D80122 /* Supporting Files */,
			);
			path = DXConfigurableDatePickerTests;
			sourceTree = "<group>";
		};
		6CB0466B1AB1701700D80122 /* Supporting Files */ = {
			isa = PBXGroup;
			children = (
				6CB0466C1AB1701700D80122 /* Info.plist */,
			);
			name = "Supporting Files";
			sourceTree = "<group>";
		};
/* End PBXGroup section */

/* Begin PBXNativeTarget section */
		6CB0464D1AB1701600D80122 /* DXConfigurableDatePicker */ = {
			isa = PBXNativeTarget;
			buildConfigurationList = 6CB046711AB1701700D80122 /* Build configuration list for PBXNativeTarget "DXConfigurableDatePicker" */;
			buildPhases = (
				6CB0464A1AB1701600D80122 /* Sources */,
				6CB0464B1AB1701600D80122 /* Frameworks */,
				6CB0464C1AB1701600D80122 /* Resources */,
			);
			buildRules = (
			);
			dependencies = (
			);
			name = DXConfigurableDatePicker;
			productName = DXConfigurableDatePicker;
			productReference = 6CB0464E1AB1701600D80122 /* DXConfigurableDatePicker.app */;
			productType = "com.apple.product-type.application";
		};
		6CB046661AB1701600D80122 /* DXConfigurableDatePickerTests */ = {
			isa = PBXNativeTarget;
			buildConfigurationList = 6CB046741AB1701700D80122 /* Build configuration list for PBXNativeTarget "DXConfigurableDatePickerTests" */;
			buildPhases = (
				6CB046631AB1701600D80122 /* Sources */,
				6CB046641AB1701600D80122 /* Frameworks */,
				6CB046651AB1701600D80122 /* Resources */,
			);
			buildRules = (
			);
			dependencies = (
				6CB046691AB1701600D80122 /* PBXTargetDependency */,
			);
			name = DXConfigurableDatePickerTests;
			productName = DXConfigurableDatePickerTests;
			productReference = 6CB046671AB1701600D80122 /* DXConfigurableDatePickerTests.xctest */;
			productType = "com.apple.product-type.bundle.unit-test";
		};
/* End PBXNativeTarget section */

/* Begin PBXProject section */
		6CB046461AB1701600D80122 /* Project object */ = {
			isa = PBXProject;
			attributes = {
				LastUpgradeCheck = 0610;
				ORGANIZATIONNAME = daxh;
				TargetAttributes = {
					6CB0464D1AB1701600D80122 = {
						CreatedOnToolsVersion = 6.1.1;
					};
					6CB046661AB1701600D80122 = {
						CreatedOnToolsVersion = 6.1.1;
						TestTargetID = 6CB0464D1AB1701600D80122;
					};
				};
			};
			buildConfigurationList = 6CB046491AB1701600D80122 /* Build configuration list for PBXProject "DXConfigurableDatePicker" */;
			compatibilityVersion = "Xcode 3.2";
			developmentRegion = English;
			hasScannedForEncodings = 0;
			knownRegions = (
				en,
				Base,
			);
			mainGroup = 6CB046451AB1701600D80122;
			productRefGroup = 6CB0464F1AB1701600D80122 /* Products */;
			projectDirPath = "";
			projectRoot = "";
			targets = (
				6CB0464D1AB1701600D80122 /* DXConfigurableDatePicker */,
				6CB046661AB1701600D80122 /* DXConfigurableDatePickerTests */,
			);
		};
/* End PBXProject section */

/* Begin PBXResourcesBuildPhase section */
		6CB0464C1AB1701600D80122 /* Resources */ = {
			isa = PBXResourcesBuildPhase;
			buildActionMask = 2147483647;
			files = (
				6CB0465D1AB1701600D80122 /* Main.storyboard in Resources */,
				6CB046621AB1701600D80122 /* LaunchScreen.xib in Resources */,
				6CB0465F1AB1701600D80122 /* Images.xcassets in Resources */,
			);
			runOnlyForDeploymentPostprocessing = 0;
		};
		6CB046651AB1701600D80122 /* Resources */ = {
			isa = PBXResourcesBuildPhase;
			buildActionMask = 2147483647;
			files = (
			);
			runOnlyForDeploymentPostprocessing = 0;
		};
/* End PBXResourcesBuildPhase section */

/* Begin PBXSourcesBuildPhase section */
		6CB0464A1AB1701600D80122 /* Sources */ = {
			isa = PBXSourcesBuildPhase;
			buildActionMask = 2147483647;
			files = (
				6CB0465A1AB1701600D80122 /* ViewController.m in Sources */,
				6CB046571AB1701600D80122 /* AppDelegate.m in Sources */,
				6CB046541AB1701600D80122 /* main.m in Sources */,
			);
			runOnlyForDeploymentPostprocessing = 0;
		};
		6CB046631AB1701600D80122 /* Sources */ = {
			isa = PBXSourcesBuildPhase;
			buildActionMask = 2147483647;
			files = (
				6CB0466E1AB1701700D80122 /* DXConfigurableDatePickerTests.m in Sources */,
			);
			runOnlyForDeploymentPostprocessing = 0;
		};
/* End PBXSourcesBuildPhase section */

/* Begin PBXTargetDependency section */
		6CB046691AB1701600D80122 /* PBXTargetDependency */ = {
			isa = PBXTargetDependency;
			target = 6CB0464D1AB1701600D80122 /* DXConfigurableDatePicker */;
			targetProxy = 6CB046681AB1701600D80122 /* PBXContainerItemProxy */;
		};
/* End PBXTargetDependency section */

/* Begin PBXVariantGroup section */
		6CB0465B1AB1701600D80122 /* Main.storyboard */ = {
			isa = PBXVariantGroup;
			children = (
				6CB0465C1AB1701600D80122 /* Base */,
			);
			name = Main.storyboard;
			sourceTree = "<group>";
		};
		6CB046601AB1701600D80122 /* LaunchScreen.xib */ = {
			isa = PBXVariantGroup;
			children = (
				6CB046611AB1701600D80122 /* Base */,
			);
			name = LaunchScreen.xib;
			sourceTree = "<group>";
		};
/* End PBXVariantGroup section */

/* Begin XCBuildConfiguration section */
		6CB0466F1AB1701700D80122 /* Debug */ = {
			isa = XCBuildConfiguration;
			buildSettings = {
				ALWAYS_SEARCH_USER_PATHS = NO;
				CLANG_CXX_LANGUAGE_STANDARD = "gnu++0x";
				CLANG_CXX_LIBRARY = "libc++";
				CLANG_ENABLE_MODULES = YES;
				CLANG_ENABLE_OBJC_ARC = YES;
				CLANG_WARN_BOOL_CONVERSION = YES;
				CLANG_WARN_CONSTANT_CONVERSION = YES;
				CLANG_WARN_DIRECT_OBJC_ISA_USAGE = YES_ERROR;
				CLANG_WARN_EMPTY_BODY = YES;
				CLANG_WARN_ENUM_CONVERSION = YES;
				CLANG_WARN_INT_CONVERSION = YES;
				CLANG_WARN_OBJC_ROOT_CLASS = YES_ERROR;
				CLANG_WARN_UNREACHABLE_CODE = YES;
				CLANG_WARN__DUPLICATE_METHOD_MATCH = YES;
				"CODE_SIGN_IDENTITY[sdk=iphoneos*]" = "iPhone Developer";
				COPY_PHASE_STRIP = NO;
				ENABLE_STRICT_OBJC_MSGSEND = YES;
				GCC_C_LANGUAGE_STANDARD = gnu99;
				GCC_DYNAMIC_NO_PIC = NO;
				GCC_OPTIMIZATION_LEVEL = 0;
				GCC_PREPROCESSOR_DEFINITIONS = (
					"DEBUG=1",
					"$(inherited)",
				);
				GCC_SYMBOLS_PRIVATE_EXTERN = NO;
				GCC_WARN_64_TO_32_BIT_CONVERSION = YES;
				GCC_WARN_ABOUT_RETURN_TYPE = YES_ERROR;
				GCC_WARN_UNDECLARED_SELECTOR = YES;
				GCC_WARN_UNINITIALIZED_AUTOS = YES_AGGRESSIVE;
				GCC_WARN_UNUSED_FUNCTION = YES;
				GCC_WARN_UNUSED_VARIABLE = YES;
				IPHONEOS_DEPLOYMENT_TARGET = 8.1;
				MTL_ENABLE_DEBUG_INFO = YES;
				ONLY_ACTIVE_ARCH = YES;
				SDKROOT = iphoneos;
				TARGETED_DEVICE_FAMILY = "1,2";
			};
			name = Debug;
		};
		6CB046701AB1701700D80122 /* Release */ = {
			isa = XCBuildConfiguration;
			buildSettings = {
				ALWAYS_SEARCH_USER_PATHS = NO;
				CLANG_CXX_LANGUAGE_STANDARD = "gnu++0x";
				CLANG_CXX_LIBRARY = "libc++";
				CLANG_ENABLE_MODULES = YES;
				CLANG_ENABLE_OBJC_ARC = YES;
				CLANG_WARN_BOOL_CONVERSION = YES;
				CLANG_WARN_CONSTANT_CONVERSION = YES;
				CLANG_WARN_DIRECT_OBJC_ISA_USAGE = YES_ERROR;
				CLANG_WARN_EMPTY_BODY = YES;
				CLANG_WARN_ENUM_CONVERSION = YES;
				CLANG_WARN_INT_CONVERSION = YES;
				CLANG_WARN_OBJC_ROOT_CLASS = YES_ERROR;
				CLANG_WARN_UNREACHABLE_CODE = YES;
				CLANG_WARN__DUPLICATE_METHOD_MATCH = YES;
				"CODE_SIGN_IDENTITY[sdk=iphoneos*]" = "iPhone Developer";
				COPY_PHASE_STRIP = YES;
				ENABLE_NS_ASSERTIONS = NO;
				ENABLE_STRICT_OBJC_MSGSEND = YES;
				GCC_C_LANGUAGE_STANDARD = gnu99;
				GCC_WARN_64_TO_32_BIT_CONVERSION = YES;
				GCC_WARN_ABOUT_RETURN_TYPE = YES_ERROR;
				GCC_WARN_UNDECLARED_SELECTOR = YES;
				GCC_WARN_UNINITIALIZED_AUTOS = YES_AGGRESSIVE;
				GCC_WARN_UNUSED_FUNCTION = YES;
				GCC_WARN_UNUSED_VARIABLE = YES;
				IPHONEOS_DEPLOYMENT_TARGET = 8.1;
				MTL_ENABLE_DEBUG_INFO = NO;
				SDKROOT = iphoneos;
				TARGETED_DEVICE_FAMILY = "1,2";
				VALIDATE_PRODUCT = YES;
			};
			name = Release;
		};
		6CB046721AB1701700D80122 /* Debug */ = {
			isa = XCBuildConfiguration;
			buildSettings = {
				ASSETCATALOG_COMPILER_APPICON_NAME = AppIcon;
				INFOPLIST_FILE = DXConfigurableDatePicker/Info.plist;
				LD_RUNPATH_SEARCH_PATHS = "$(inherited) @executable_path/Frameworks";
				PRODUCT_NAME = "$(TARGET_NAME)";
			};
			name = Debug;
		};
		6CB046731AB1701700D80122 /* Release */ = {
			isa = XCBuildConfiguration;
			buildSettings = {
				ASSETCATALOG_COMPILER_APPICON_NAME = AppIcon;
				INFOPLIST_FILE = DXConfigurableDatePicker/Info.plist;
				LD_RUNPATH_SEARCH_PATHS = "$(inherited) @executable_path/Frameworks";
				PRODUCT_NAME = "$(TARGET_NAME)";
			};
			name = Release;
		};
		6CB046751AB1701700D80122 /* Debug */ = {
			isa = XCBuildConfiguration;
			buildSettings = {
				BUNDLE_LOADER = "$(TEST_HOST)";
				FRAMEWORK_SEARCH_PATHS = (
					"$(SDKROOT)/Developer/Library/Frameworks",
					"$(inherited)",
				);
				GCC_PREPROCESSOR_DEFINITIONS = (
					"DEBUG=1",
					"$(inherited)",
				);
				INFOPLIST_FILE = DXConfigurableDatePickerTests/Info.plist;
				LD_RUNPATH_SEARCH_PATHS = "$(inherited) @executable_path/Frameworks @loader_path/Frameworks";
				PRODUCT_NAME = "$(TARGET_NAME)";
				TEST_HOST = "$(BUILT_PRODUCTS_DIR)/DXConfigurableDatePicker.app/DXConfigurableDatePicker";
			};
			name = Debug;
		};
		6CB046761AB1701700D80122 /* Release */ = {
			isa = XCBuildConfiguration;
			buildSettings = {
				BUNDLE_LOADER = "$(TEST_HOST)";
				FRAMEWORK_SEARCH_PATHS = (
					"$(SDKROOT)/Developer/Library/Frameworks",
					"$(inherited)",
				);
				INFOPLIST_FILE = DXConfigurableDatePickerTests/Info.plist;
				LD_RUNPATH_SEARCH_PATHS = "$(inherited) @executable_path/Frameworks @loader_path/Frameworks";
				PRODUCT_NAME = "$(TARGET_NAME)";
				TEST_HOST = "$(BUILT_PRODUCTS_DIR)/DXConfigurableDatePicker.app/DXConfigurableDatePicker";
			};
			name = Release;
		};
/* End XCBuildConfiguration section */

/* Begin XCConfigurationList section */
		6CB046491AB1701600D80122 /* Build configuration list for PBXProject "DXConfigurableDatePicker" */ = {
			isa = XCConfigurationList;
			buildConfigurations = (
				6CB0466F1AB1701700D80122 /* Debug */,
				6CB046701AB1701700D80122 /* Release */,
			);
			defaultConfigurationIsVisible = 0;
			defaultConfigurationName = Release;
		};
		6CB046711AB1701700D80122 /* Build configuration list for PBXNativeTarget "DXConfigurableDatePicker" */ = {
			isa = XCConfigurationList;
			buildConfigurations = (
				6CB046721AB1701700D80122 /* Debug */,
				6CB046731AB1701700D80122 /* Release */,
			);
			defaultConfigurationIsVisible = 0;
		};
		6CB046741AB1701700D80122 /* Build configuration list for PBXNativeTarget "DXConfigurableDatePickerTests" */ = {
			isa = XCConfigurationList;
			buildConfigurations = (
				6CB046751AB1701700D80122 /* Debug */,
				6CB046761AB1701700D80122 /* Release */,
			);
			defaultConfigurationIsVisible = 0;
		};
/* End XCConfigurationList section */
	};
	rootObject = 6CB046461AB1701600D80122 /* Project object */;
}
